
Microsoft Visual Studio Solution File, Format Version 12.00
# Visual Studio Version 17
VisualStudioVersion = 17.7.33927.210
MinimumVisualStudioVersion = 10.0.40219.1
Project("{9A19103F-16F7-4668-BE54-9A1E7A4F7556}") = "BulkyWeb", "BulkyWeb\BulkyWeb.csproj", "{32EA7722-86A7-4423-9564-4E5A14861AE5}"
EndProject
Project("{9A19103F-16F7-4668-BE54-9A1E7A4F7556}") = "BulkyWebRazor_Temp", "BulkyWebRazor_Temp\BulkyWebRazor_Temp.csproj", "{EF164138-834E-44E7-9659-32EC95EB492E}"
EndProject
Project("{FAE04EC0-301F-11D3-BF4B-00C04F79EFBC}") = "Bulky.DataAccess", "Bulky.DataAccess\Bulky.DataAccess.csproj", "{F3825688-0879-4F64-92D1-9EF97F65589B}"
EndProject
Project("{FAE04EC0-301F-11D3-BF4B-00C04F79EFBC}") = "Bulky.Models", "Bulky.Models\Bulky.Models.csproj", "{432A6225-9759-42B0-8B65-B12293E40149}"
EndProject
Project("{FAE04EC0-301F-11D3-BF4B-00C04F79EFBC}") = "Bulky.Utility", "Bulky.Utility\Bulky.Utility.csproj", "{412B44D6-57E6-49D7-96FB-F70C28DCEBFE}"
EndProject
Global
	GlobalSection(SolutionConfigurationPlatforms) = preSolution
		Debug|Any CPU = Debug|Any CPU
		Release|Any CPU = Release|Any CPU
	EndGlobalSection
	GlobalSection(ProjectConfigurationPlatforms) = postSolution
		{32EA7722-86A7-4423-9564-4E5A14861AE5}.Debug|Any CPU.ActiveCfg = Debug|Any CPU
		{32EA7722-86A7-4423-9564-4E5A14861AE5}.Debug|Any CPU.Build.0 = Debug|Any CPU
		{32EA7722-86A7-4423-9564-4E5A14861AE5}.Release|Any CPU.ActiveCfg = Release|Any CPU
		{32EA7722-86A7-4423-9564-4E5A14861AE5}.Release|Any CPU.Build.0 = Release|Any CPU
		{EF164138-834E-44E7-9659-32EC95EB492E}.Debug|Any CPU.ActiveCfg = Debug|Any CPU
		{EF164138-834E-44E7-9659-32EC95EB492E}.Debug|Any CPU.Build.0 = Debug|Any CPU
		{EF164138-834E-44E7-9659-32EC95EB492E}.Release|Any CPU.ActiveCfg = Release|Any CPU
		{EF164138-834E-44E7-9659-32EC95EB492E}.Release|Any CPU.Build.0 = Release|Any CPU
		{F3825688-0879-4F64-92D1-9EF97F65589B}.Debug|Any CPU.ActiveCfg = Debug|Any CPU
		{F3825688-0879-4F64-92D1-9EF97F65589B}.Debug|Any CPU.Build.0 = Debug|Any CPU
		{F3825688-0879-4F64-92D1-9EF97F65589B}.Release|Any CPU.ActiveCfg = Release|Any CPU
		{F3825688-0879-4F64-92D1-9EF97F65589B}.Release|Any CPU.Build.0 = Release|Any CPU
		{432A6225-9759-42B0-8B65-B12293E40149}.Debug|Any CPU.ActiveCfg = Debug|Any CPU
		{432A6225-9759-42B0-8B65-B12293E40149}.Debug|Any CPU.Build.0 = Debug|Any CPU
		{432A6225-9759-42B0-8B65-B12293E40149}.Release|Any CPU.ActiveCfg = Release|Any CPU
		{432A6225-9759-42B0-8B65-B12293E40149}.Release|Any CPU.Build.0 = Release|Any CPU
		{412B44D6-57E6-49D7-96FB-F70C28DCEBFE}.Debug|Any CPU.ActiveCfg = Debug|Any CPU
		{412B44D6-57E6-49D7-96FB-F70C28DCEBFE}.Debug|Any CPU.Build.0 = Debug|Any CPU
		{412B44D6-57E6-49D7-96FB-F70C28DCEBFE}.Release|Any CPU.ActiveCfg = Release|Any CPU
		{412B44D6-57E6-49D7-96FB-F70C28DCEBFE}.Release|Any CPU.Build.0 = Release|Any CPU
	EndGlobalSection
	GlobalSection(SolutionProperties) = preSolution
		HideSolutionNode = FALSE
	EndGlobalSection
	GlobalSection(ExtensibilityGlobals) = postSolution
		SolutionGuid = {EB84A48F-42C4-4888-8A20-8E09EE3BCB0B}
	EndGlobalSection
EndGlobal
