
Microsoft Visual Studio Solution File, Format Version 12.00
# Visual Studio Version 17
VisualStudioVersion = 17.7.33927.210
MinimumVisualStudioVersion = 10.0.40219.1
Project("{FAE04EC0-301F-11D3-BF4B-00C04F79EFBC}") = "BulkyWeb", "BulkyWeb\BulkyWeb.csproj", "{32EA7722-86A7-4423-9564-4E5A14861AE5}"
EndProject
Global
	GlobalSection(SolutionConfigurationPlatforms) = preSolution
		Debug|Any CPU = Debug|Any CPU
		Release|Any CPU = Release|Any CPU
	EndGlobalSection
	GlobalSection(ProjectConfigurationPlatforms) = postSolution
		{32EA7722-86A7-4423-9564-4E5A14861AE5}.Debug|Any CPU.ActiveCfg = Debug|Any CPU
		{32EA7722-86A7-4423-9564-4E5A14861AE5}.Debug|Any CPU.Build.0 = Debug|Any CPU
		{32EA7722-86A7-4423-9564-4E5A14861AE5}.Release|Any CPU.ActiveCfg = Release|Any CPU
		{32EA7722-86A7-4423-9564-4E5A14861AE5}.Release|Any CPU.Build.0 = Release|Any CPU
	EndGlobalSection
	GlobalSection(SolutionProperties) = preSolution
		HideSolutionNode = FALSE
	EndGlobalSection
	GlobalSection(ExtensibilityGlobals) = postSolution
		SolutionGuid = {EB84A48F-42C4-4888-8A20-8E09EE3BCB0B}
	EndGlobalSection
EndGlobal
